
Microsoft Visual Studio Solution File, Format Version 12.00
# Visual Studio Version 16
VisualStudioVersion = 16.0.31624.102
MinimumVisualStudioVersion = 10.0.40219.1
Project("{9A19103F-16F7-4668-BE54-9A1E7A4F7556}") = "WorkerService", "WorkerService\WorkerService.csproj", "{AF1477AE-408F-48D7-AA95-F5CE77A6F86E}"
EndProject
Project("{9A19103F-16F7-4668-BE54-9A1E7A4F7556}") = "SocketClient_RoughlyForTesting", "SocketClient_RoughlyForTesting\SocketClient_RoughlyForTesting.csproj", "{125D61EC-DDCC-40F2-9959-CC96D6241A91}"
EndProject
Global
	GlobalSection(SolutionConfigurationPlatforms) = preSolution
		Debug|Any CPU = Debug|Any CPU
		Release|Any CPU = Release|Any CPU
	EndGlobalSection
	GlobalSection(ProjectConfigurationPlatforms) = postSolution
		{AF1477AE-408F-48D7-AA95-F5CE77A6F86E}.Debug|Any CPU.ActiveCfg = Debug|Any CPU
		{AF1477AE-408F-48D7-AA95-F5CE77A6F86E}.Debug|Any CPU.Build.0 = Debug|Any CPU
		{AF1477AE-408F-48D7-AA95-F5CE77A6F86E}.Release|Any CPU.ActiveCfg = Release|Any CPU
		{AF1477AE-408F-48D7-AA95-F5CE77A6F86E}.Release|Any CPU.Build.0 = Release|Any CPU
		{125D61EC-DDCC-40F2-9959-CC96D6241A91}.Debug|Any CPU.ActiveCfg = Debug|Any CPU
		{125D61EC-DDCC-40F2-9959-CC96D6241A91}.Debug|Any CPU.Build.0 = Debug|Any CPU
		{125D61EC-DDCC-40F2-9959-CC96D6241A91}.Release|Any CPU.ActiveCfg = Release|Any CPU
		{125D61EC-DDCC-40F2-9959-CC96D6241A91}.Release|Any CPU.Build.0 = Release|Any CPU
	EndGlobalSection
	GlobalSection(SolutionProperties) = preSolution
		HideSolutionNode = FALSE
	EndGlobalSection
	GlobalSection(ExtensibilityGlobals) = postSolution
		SolutionGuid = {A1E6838A-79D1-4E4C-920F-808E785818BF}
	EndGlobalSection
EndGlobal
